
Microsoft Visual Studio Solution File, Format Version 12.00
# Visual Studio Version 16
VisualStudioVersion = 16.0.33801.447
MinimumVisualStudioVersion = 10.0.40219.1
Project("{8BC9CEB8-8B4A-11D0-8D11-00A0C91BC942}") = "机房预约系统", "机房预约系统.vcxproj", "{004C7B1A-BE6E-4378-921C-E86E743DFC7C}"
EndProject
Global
	GlobalSection(SolutionConfigurationPlatforms) = preSolution
		Debug|x64 = Debug|x64
		Debug|x86 = Debug|x86
		Release|x64 = Release|x64
		Release|x86 = Release|x86
	EndGlobalSection
	GlobalSection(ProjectConfigurationPlatforms) = postSolution
		{004C7B1A-BE6E-4378-921C-E86E743DFC7C}.Debug|x64.ActiveCfg = Debug|x64
		{004C7B1A-BE6E-4378-921C-E86E743DFC7C}.Debug|x64.Build.0 = Debug|x64
		{004C7B1A-BE6E-4378-921C-E86E743DFC7C}.Debug|x86.ActiveCfg = Debug|Win32
		{004C7B1A-BE6E-4378-921C-E86E743DFC7C}.Debug|x86.Build.0 = Debug|Win32
		{004C7B1A-BE6E-4378-921C-E86E743DFC7C}.Release|x64.ActiveCfg = Release|x64
		{004C7B1A-BE6E-4378-921C-E86E743DFC7C}.Release|x64.Build.0 = Release|x64
		{004C7B1A-BE6E-4378-921C-E86E743DFC7C}.Release|x86.ActiveCfg = Release|Win32
		{004C7B1A-BE6E-4378-921C-E86E743DFC7C}.Release|x86.Build.0 = Release|Win32
	EndGlobalSection
	GlobalSection(SolutionProperties) = preSolution
		HideSolutionNode = FALSE
	EndGlobalSection
	GlobalSection(ExtensibilityGlobals) = postSolution
		SolutionGuid = {F708A1AE-9D62-452C-8F8A-48A51C28B075}
	EndGlobalSection
EndGlobal
